// !$*UTF8*$!
{
	archiveVersion = 1;
	classes = {
	};
	objectVersion = 46;
	objects = {

/* Begin PBXBuildFile section */
		175AF0681E5B875F0017100D /* AppDelegate.swift in Sources */ = {isa = PBXBuildFile; fileRef = 175AF0671E5B875F0017100D /* AppDelegate.swift */; };
		175AF06A1E5B875F0017100D /* ViewController.swift in Sources */ = {isa = PBXBuildFile; fileRef = 175AF0691E5B875F0017100D /* ViewController.swift */; };
		175AF06D1E5B875F0017100D /* Main.storyboard in Resources */ = {isa = PBXBuildFile; fileRef = 175AF06B1E5B875F0017100D /* Main.storyboard */; };
		175AF06F1E5B875F0017100D /* Assets.xcassets in Resources */ = {isa = PBXBuildFile; fileRef = 175AF06E1E5B875F0017100D /* Assets.xcassets */; };
		175AF0721E5B875F0017100D /* LaunchScreen.storyboard in Resources */ = {isa = PBXBuildFile; fileRef = 175AF0701E5B875F0017100D /* LaunchScreen.storyboard */; };
		175AF07A1E5B89B10017100D /* pokemon.csv in Resources */ = {isa = PBXBuildFile; fileRef = 175AF0791E5B89B10017100D /* pokemon.csv */; };
		175AF07D1E5B8A990017100D /* Pokemon.swift in Sources */ = {isa = PBXBuildFile; fileRef = 175AF07C1E5B8A990017100D /* Pokemon.swift */; };
		175AF0801E5B8FC00017100D /* PokeCell.swift in Sources */ = {isa = PBXBuildFile; fileRef = 175AF07F1E5B8FC00017100D /* PokeCell.swift */; };
		175AF0821E5B95730017100D /* csv.swift in Sources */ = {isa = PBXBuildFile; fileRef = 175AF0811E5B95730017100D /* csv.swift */; };
		175AF0841E5B9BFC0017100D /* pokemon.ttf in Resources */ = {isa = PBXBuildFile; fileRef = 175AF0831E5B9BFC0017100D /* pokemon.ttf */; };
		175AF0891E5B9D770017100D /* music.mp3 in Resources */ = {isa = PBXBuildFile; fileRef = 175AF0881E5B9D770017100D /* music.mp3 */; };
		175AF08B1E5BA5430017100D /* PokemonDetailVC.swift in Sources */ = {isa = PBXBuildFile; fileRef = 175AF08A1E5BA5430017100D /* PokemonDetailVC.swift */; };
/* End PBXBuildFile section */

/* Begin PBXFileReference section */
		175AF0641E5B875F0017100D /* Pokedex.app */ = {isa = PBXFileReference; explicitFileType = wrapper.application; includeInIndex = 0; path = Pokedex.app; sourceTree = BUILT_PRODUCTS_DIR; };
		175AF0671E5B875F0017100D /* AppDelegate.swift */ = {isa = PBXFileReference; lastKnownFileType = sourcecode.swift; path = AppDelegate.swift; sourceTree = "<group>"; };
		175AF0691E5B875F0017100D /* ViewController.swift */ = {isa = PBXFileReference; lastKnownFileType = sourcecode.swift; path = ViewController.swift; sourceTree = "<group>"; };
		175AF06C1E5B875F0017100D /* Base */ = {isa = PBXFileReference; lastKnownFileType = file.storyboard; name = Base; path = Base.lproj/Main.storyboard; sourceTree = "<group>"; };
		175AF06E1E5B875F0017100D /* Assets.xcassets */ = {isa = PBXFileReference; lastKnownFileType = folder.assetcatalog; path = Assets.xcassets; sourceTree = "<group>"; };
		175AF0711E5B875F0017100D /* Base */ = {isa = PBXFileReference; lastKnownFileType = file.storyboard; name = Base; path = Base.lproj/LaunchScreen.storyboard; sourceTree = "<group>"; };
		175AF0731E5B875F0017100D /* Info.plist */ = {isa = PBXFileReference; lastKnownFileType = text.plist.xml; path = Info.plist; sourceTree = "<group>"; };
		175AF0791E5B89B10017100D /* pokemon.csv */ = {isa = PBXFileReference; fileEncoding = 4; lastKnownFileType = text; path = pokemon.csv; sourceTree = "<group>"; };
		175AF07C1E5B8A990017100D /* Pokemon.swift */ = {isa = PBXFileReference; fileEncoding = 4; lastKnownFileType = sourcecode.swift; path = Pokemon.swift; sourceTree = "<group>"; };
		175AF07F1E5B8FC00017100D /* PokeCell.swift */ = {isa = PBXFileReference; fileEncoding = 4; lastKnownFileType = sourcecode.swift; path = PokeCell.swift; sourceTree = "<group>"; };
		175AF0811E5B95730017100D /* csv.swift */ = {isa = PBXFileReference; fileEncoding = 4; lastKnownFileType = sourcecode.swift; path = csv.swift; sourceTree = "<group>"; };
		175AF0831E5B9BFC0017100D /* pokemon.ttf */ = {isa = PBXFileReference; lastKnownFileType = file; path = pokemon.ttf; sourceTree = "<group>"; };
		175AF0881E5B9D770017100D /* music.mp3 */ = {isa = PBXFileReference; lastKnownFileType = audio.mp3; path = music.mp3; sourceTree = "<group>"; };
		175AF08A1E5BA5430017100D /* PokemonDetailVC.swift */ = {isa = PBXFileReference; fileEncoding = 4; lastKnownFileType = sourcecode.swift; path = PokemonDetailVC.swift; sourceTree = "<group>"; };
/* End PBXFileReference section */

/* Begin PBXFrameworksBuildPhase section */
		175AF0611E5B875F0017100D /* Frameworks */ = {
			isa = PBXFrameworksBuildPhase;
			buildActionMask = 2147483647;
			files = (
			);
			runOnlyForDeploymentPostprocessing = 0;
		};
/* End PBXFrameworksBuildPhase section */

/* Begin PBXGroup section */
		175AF05B1E5B875F0017100D = {
			isa = PBXGroup;
			children = (
				175AF0661E5B875F0017100D /* Pokedex */,
				175AF0651E5B875F0017100D /* Products */,
			);
			sourceTree = "<group>";
		};
		175AF0651E5B875F0017100D /* Products */ = {
			isa = PBXGroup;
			children = (
				175AF0641E5B875F0017100D /* Pokedex.app */,
			);
			name = Products;
			sourceTree = "<group>";
		};
		175AF0661E5B875F0017100D /* Pokedex */ = {
			isa = PBXGroup;
			children = (
				175AF0851E5B9C110017100D /* Controller */,
				175AF07E1E5B8FA10017100D /* View */,
				175AF07B1E5B8A870017100D /* Model */,
				175AF0861E5B9C1C0017100D /* Resources */,
				175AF0871E5B9C350017100D /* Util */,
				175AF06E1E5B875F0017100D /* Assets.xcassets */,
				175AF06B1E5B875F0017100D /* Main.storyboard */,
				175AF0701E5B875F0017100D /* LaunchScreen.storyboard */,
				175AF0671E5B875F0017100D /* AppDelegate.swift */,
				175AF0731E5B875F0017100D /* Info.plist */,
			);
			path = Pokedex;
			sourceTree = "<group>";
		};
		175AF07B1E5B8A870017100D /* Model */ = {
			isa = PBXGroup;
			children = (
				175AF07C1E5B8A990017100D /* Pokemon.swift */,
			);
			name = Model;
			sourceTree = "<group>";
		};
		175AF07E1E5B8FA10017100D /* View */ = {
			isa = PBXGroup;
			children = (
				175AF07F1E5B8FC00017100D /* PokeCell.swift */,
			);
			name = View;
			sourceTree = "<group>";
		};
		175AF0851E5B9C110017100D /* Controller */ = {
			isa = PBXGroup;
			children = (
				175AF0691E5B875F0017100D /* ViewController.swift */,
				175AF08A1E5BA5430017100D /* PokemonDetailVC.swift */,
			);
			name = Controller;
			sourceTree = "<group>";
		};
		175AF0861E5B9C1C0017100D /* Resources */ = {
			isa = PBXGroup;
			children = (
				175AF0881E5B9D770017100D /* music.mp3 */,
				175AF0831E5B9BFC0017100D /* pokemon.ttf */,
				175AF0791E5B89B10017100D /* pokemon.csv */,
			);
			name = Resources;
			sourceTree = "<group>";
		};
		175AF0871E5B9C350017100D /* Util */ = {
			isa = PBXGroup;
			children = (
				175AF0811E5B95730017100D /* csv.swift */,
			);
			name = Util;
			sourceTree = "<group>";
		};
/* End PBXGroup section */

/* Begin PBXNativeTarget section */
		175AF0631E5B875F0017100D /* Pokedex */ = {
			isa = PBXNativeTarget;
			buildConfigurationList = 175AF0761E5B875F0017100D /* Build configuration list for PBXNativeTarget "Pokedex" */;
			buildPhases = (
				175AF0601E5B875F0017100D /* Sources */,
				175AF0611E5B875F0017100D /* Frameworks */,
				175AF0621E5B875F0017100D /* Resources */,
			);
			buildRules = (
			);
			dependencies = (
			);
			name = Pokedex;
			productName = Pokedex;
			productReference = 175AF0641E5B875F0017100D /* Pokedex.app */;
			productType = "com.apple.product-type.application";
		};
/* End PBXNativeTarget section */

/* Begin PBXProject section */
		175AF05C1E5B875F0017100D /* Project object */ = {
			isa = PBXProject;
			attributes = {
				LastSwiftUpdateCheck = 0820;
				LastUpgradeCheck = 0820;
				ORGANIZATIONNAME = "LionMane Software";
				TargetAttributes = {
					175AF0631E5B875F0017100D = {
						CreatedOnToolsVersion = 8.2.1;
						LastSwiftMigration = 0820;
						ProvisioningStyle = Automatic;
					};
				};
			};
			buildConfigurationList = 175AF05F1E5B875F0017100D /* Build configuration list for PBXProject "Pokedex" */;
			compatibilityVersion = "Xcode 3.2";
			developmentRegion = English;
			hasScannedForEncodings = 0;
			knownRegions = (
				en,
				Base,
			);
			mainGroup = 175AF05B1E5B875F0017100D;
			productRefGroup = 175AF0651E5B875F0017100D /* Products */;
			projectDirPath = "";
			projectRoot = "";
			targets = (
				175AF0631E5B875F0017100D /* Pokedex */,
			);
		};
/* End PBXProject section */

/* Begin PBXResourcesBuildPhase section */
		175AF0621E5B875F0017100D /* Resources */ = {
			isa = PBXResourcesBuildPhase;
			buildActionMask = 2147483647;
			files = (
				175AF0841E5B9BFC0017100D /* pokemon.ttf in Resources */,
				175AF0721E5B875F0017100D /* LaunchScreen.storyboard in Resources */,
				175AF0891E5B9D770017100D /* music.mp3 in Resources */,
				175AF06F1E5B875F0017100D /* Assets.xcassets in Resources */,
				175AF07A1E5B89B10017100D /* pokemon.csv in Resources */,
				175AF06D1E5B875F0017100D /* Main.storyboard in Resources */,
			);
			runOnlyForDeploymentPostprocessing = 0;
		};
/* End PBXResourcesBuildPhase section */

/* Begin PBXSourcesBuildPhase section */
		175AF0601E5B875F0017100D /* Sources */ = {
			isa = PBXSourcesBuildPhase;
			buildActionMask = 2147483647;
			files = (
				175AF0801E5B8FC00017100D /* PokeCell.swift in Sources */,
				175AF06A1E5B875F0017100D /* ViewController.swift in Sources */,
				175AF0681E5B875F0017100D /* AppDelegate.swift in Sources */,
				175AF08B1E5BA5430017100D /* PokemonDetailVC.swift in Sources */,
				175AF07D1E5B8A990017100D /* Pokemon.swift in Sources */,
				175AF0821E5B95730017100D /* csv.swift in Sources */,
			);
			runOnlyForDeploymentPostprocessing = 0;
		};
/* End PBXSourcesBuildPhase section */

/* Begin PBXVariantGroup section */
		175AF06B1E5B875F0017100D /* Main.storyboard */ = {
			isa = PBXVariantGroup;
			children = (
				175AF06C1E5B875F0017100D /* Base */,
			);
			name = Main.storyboard;
			sourceTree = "<group>";
		};
		175AF0701E5B875F0017100D /* LaunchScreen.storyboard */ = {
			isa = PBXVariantGroup;
			children = (
				175AF0711E5B875F0017100D /* Base */,
			);
			name = LaunchScreen.storyboard;
			sourceTree = "<group>";
		};
/* End PBXVariantGroup section */

/* Begin XCBuildConfiguration section */
		175AF0741E5B875F0017100D /* Debug */ = {
			isa = XCBuildConfiguration;
			buildSettings = {
				ALWAYS_SEARCH_USER_PATHS = NO;
				CLANG_ANALYZER_NONNULL = YES;
				CLANG_CXX_LANGUAGE_STANDARD = "gnu++0x";
				CLANG_CXX_LIBRARY = "libc++";
				CLANG_ENABLE_MODULES = YES;
				CLANG_ENABLE_OBJC_ARC = YES;
				CLANG_WARN_BOOL_CONVERSION = YES;
				CLANG_WARN_CONSTANT_CONVERSION = YES;
				CLANG_WARN_DIRECT_OBJC_ISA_USAGE = YES_ERROR;
				CLANG_WARN_DOCUMENTATION_COMMENTS = YES;
				CLANG_WARN_EMPTY_BODY = YES;
				CLANG_WARN_ENUM_CONVERSION = YES;
				CLANG_WARN_INFINITE_RECURSION = YES;
				CLANG_WARN_INT_CONVERSION = YES;
				CLANG_WARN_OBJC_ROOT_CLASS = YES_ERROR;
				CLANG_WARN_SUSPICIOUS_MOVE = YES;
				CLANG_WARN_UNREACHABLE_CODE = YES;
				CLANG_WARN__DUPLICATE_METHOD_MATCH = YES;
				"CODE_SIGN_IDENTITY[sdk=iphoneos*]" = "iPhone Developer";
				COPY_PHASE_STRIP = NO;
				DEBUG_INFORMATION_FORMAT = dwarf;
				ENABLE_STRICT_OBJC_MSGSEND = YES;
				ENABLE_TESTABILITY = YES;
				GCC_C_LANGUAGE_STANDARD = gnu99;
				GCC_DYNAMIC_NO_PIC = NO;
				GCC_NO_COMMON_BLOCKS = YES;
				GCC_OPTIMIZATION_LEVEL = 0;
				GCC_PREPROCESSOR_DEFINITIONS = (
					"DEBUG=1",
					"$(inherited)",
				);
				GCC_WARN_64_TO_32_BIT_CONVERSION = YES;
				GCC_WARN_ABOUT_RETURN_TYPE = YES_ERROR;
				GCC_WARN_UNDECLARED_SELECTOR = YES;
				GCC_WARN_UNINITIALIZED_AUTOS = YES_AGGRESSIVE;
				GCC_WARN_UNUSED_FUNCTION = YES;
				GCC_WARN_UNUSED_VARIABLE = YES;
				IPHONEOS_DEPLOYMENT_TARGET = 10.2;
				MTL_ENABLE_DEBUG_INFO = YES;
				ONLY_ACTIVE_ARCH = YES;
				SDKROOT = iphoneos;
				SWIFT_ACTIVE_COMPILATION_CONDITIONS = DEBUG;
				SWIFT_OPTIMIZATION_LEVEL = "-Onone";
				TARGETED_DEVICE_FAMILY = "1,2";
			};
			name = Debug;
		};
		175AF0751E5B875F0017100D /* Release */ = {
			isa = XCBuildConfiguration;
			buildSettings = {
				ALWAYS_SEARCH_USER_PATHS = NO;
				CLANG_ANALYZER_NONNULL = YES;
				CLANG_CXX_LANGUAGE_STANDARD = "gnu++0x";
				CLANG_CXX_LIBRARY = "libc++";
				CLANG_ENABLE_MODULES = YES;
				CLANG_ENABLE_OBJC_ARC = YES;
				CLANG_WARN_BOOL_CONVERSION = YES;
				CLANG_WARN_CONSTANT_CONVERSION = YES;
				CLANG_WARN_DIRECT_OBJC_ISA_USAGE = YES_ERROR;
				CLANG_WARN_DOCUMENTATION_COMMENTS = YES;
				CLANG_WARN_EMPTY_BODY = YES;
				CLANG_WARN_ENUM_CONVERSION = YES;
				CLANG_WARN_INFINITE_RECURSION = YES;
				CLANG_WARN_INT_CONVERSION = YES;
				CLANG_WARN_OBJC_ROOT_CLASS = YES_ERROR;
				CLANG_WARN_SUSPICIOUS_MOVE = YES;
				CLANG_WARN_UNREACHABLE_CODE = YES;
				CLANG_WARN__DUPLICATE_METHOD_MATCH = YES;
				"CODE_SIGN_IDENTITY[sdk=iphoneos*]" = "iPhone Developer";
				COPY_PHASE_STRIP = NO;
				DEBUG_INFORMATION_FORMAT = "dwarf-with-dsym";
				ENABLE_NS_ASSERTIONS = NO;
				ENABLE_STRICT_OBJC_MSGSEND = YES;
				GCC_C_LANGUAGE_STANDARD = gnu99;
				GCC_NO_COMMON_BLOCKS = YES;
				GCC_WARN_64_TO_32_BIT_CONVERSION = YES;
				GCC_WARN_ABOUT_RETURN_TYPE = YES_ERROR;
				GCC_WARN_UNDECLARED_SELECTOR = YES;
				GCC_WARN_UNINITIALIZED_AUTOS = YES_AGGRESSIVE;
				GCC_WARN_UNUSED_FUNCTION = YES;
				GCC_WARN_UNUSED_VARIABLE = YES;
				IPHONEOS_DEPLOYMENT_TARGET = 10.2;
				MTL_ENABLE_DEBUG_INFO = NO;
				SDKROOT = iphoneos;
				SWIFT_OPTIMIZATION_LEVEL = "-Owholemodule";
				TARGETED_DEVICE_FAMILY = "1,2";
				VALIDATE_PRODUCT = YES;
			};
			name = Release;
		};
		175AF0771E5B875F0017100D /* Debug */ = {
			isa = XCBuildConfiguration;
			buildSettings = {
				ASSETCATALOG_COMPILER_APPICON_NAME = AppIcon;
				INFOPLIST_FILE = Pokedex/Info.plist;
				LD_RUNPATH_SEARCH_PATHS = "$(inherited) @executable_path/Frameworks";
				PRODUCT_BUNDLE_IDENTIFIER = lionmane.Pokedex;
				PRODUCT_NAME = "$(TARGET_NAME)";
				SWIFT_VERSION = 3.0;
			};
			name = Debug;
		};
		175AF0781E5B875F0017100D /* Release */ = {
			isa = XCBuildConfiguration;
			buildSettings = {
				ASSETCATALOG_COMPILER_APPICON_NAME = AppIcon;
				INFOPLIST_FILE = Pokedex/Info.plist;
				LD_RUNPATH_SEARCH_PATHS = "$(inherited) @executable_path/Frameworks";
				PRODUCT_BUNDLE_IDENTIFIER = lionmane.Pokedex;
				PRODUCT_NAME = "$(TARGET_NAME)";
				SWIFT_VERSION = 3.0;
			};
			name = Release;
		};
/* End XCBuildConfiguration section */

/* Begin XCConfigurationList section */
		175AF05F1E5B875F0017100D /* Build configuration list for PBXProject "Pokedex" */ = {
			isa = XCConfigurationList;
			buildConfigurations = (
				175AF0741E5B875F0017100D /* Debug */,
				175AF0751E5B875F0017100D /* Release */,
			);
			defaultConfigurationIsVisible = 0;
			defaultConfigurationName = Release;
		};
		175AF0761E5B875F0017100D /* Build configuration list for PBXNativeTarget "Pokedex" */ = {
			isa = XCConfigurationList;
			buildConfigurations = (
				175AF0771E5B875F0017100D /* Debug */,
				175AF0781E5B875F0017100D /* Release */,
			);
			defaultConfigurationIsVisible = 0;
		};
/* End XCConfigurationList section */
	};
	rootObject = 175AF05C1E5B875F0017100D /* Project object */;
}
